// !$*UTF8*$!
{
	archiveVersion = 1;
	classes = {
	};
	objectVersion = 55;
	objects = {

/* Begin PBXBuildFile section */
		ED86B2EB28F5D86300EDA2A0 /* signUpScreen.swift in Sources */ = {isa = PBXBuildFile; fileRef = ED86B2EA28F5D86300EDA2A0 /* signUpScreen.swift */; };
		ED86B2ED28F5E4B300EDA2A0 /* PlacesVC.swift in Sources */ = {isa = PBXBuildFile; fileRef = ED86B2EC28F5E4B300EDA2A0 /* PlacesVC.swift */; };
		EDFF583128F5C14A002ECCE1 /* AppDelegate.swift in Sources */ = {isa = PBXBuildFile; fileRef = EDFF583028F5C14A002ECCE1 /* AppDelegate.swift */; };
		EDFF583328F5C14A002ECCE1 /* SceneDelegate.swift in Sources */ = {isa = PBXBuildFile; fileRef = EDFF583228F5C14A002ECCE1 /* SceneDelegate.swift */; };
		EDFF583528F5C14A002ECCE1 /* ViewController.swift in Sources */ = {isa = PBXBuildFile; fileRef = EDFF583428F5C14A002ECCE1 /* ViewController.swift */; };
		EDFF583828F5C14A002ECCE1 /* Main.storyboard in Resources */ = {isa = PBXBuildFile; fileRef = EDFF583628F5C14A002ECCE1 /* Main.storyboard */; };
		EDFF583A28F5C14D002ECCE1 /* Assets.xcassets in Resources */ = {isa = PBXBuildFile; fileRef = EDFF583928F5C14D002ECCE1 /* Assets.xcassets */; };
		EDFF583D28F5C14D002ECCE1 /* LaunchScreen.storyboard in Resources */ = {isa = PBXBuildFile; fileRef = EDFF583B28F5C14D002ECCE1 /* LaunchScreen.storyboard */; };
		F7B692B3AA4C65CF60C034F5 /* Pods_Foursquare_Clone_Parse.framework in Frameworks */ = {isa = PBXBuildFile; fileRef = EC711FF749EA6FCB5D3661E0 /* Pods_Foursquare_Clone_Parse.framework */; };
/* End PBXBuildFile section */

/* Begin PBXFileReference section */
		8E2D90B94CFA32E3E94C131A /* Pods-Foursquare Clone Parse.release.xcconfig */ = {isa = PBXFileReference; includeInIndex = 1; lastKnownFileType = text.xcconfig; name = "Pods-Foursquare Clone Parse.release.xcconfig"; path = "Target Support Files/Pods-Foursquare Clone Parse/Pods-Foursquare Clone Parse.release.xcconfig"; sourceTree = "<group>"; };
		CB81859661C024F8534413C8 /* Pods-Foursquare Clone Parse.debug.xcconfig */ = {isa = PBXFileReference; includeInIndex = 1; lastKnownFileType = text.xcconfig; name = "Pods-Foursquare Clone Parse.debug.xcconfig"; path = "Target Support Files/Pods-Foursquare Clone Parse/Pods-Foursquare Clone Parse.debug.xcconfig"; sourceTree = "<group>"; };
		EC711FF749EA6FCB5D3661E0 /* Pods_Foursquare_Clone_Parse.framework */ = {isa = PBXFileReference; explicitFileType = wrapper.framework; includeInIndex = 0; path = Pods_Foursquare_Clone_Parse.framework; sourceTree = BUILT_PRODUCTS_DIR; };
		ED86B2EA28F5D86300EDA2A0 /* signUpScreen.swift */ = {isa = PBXFileReference; lastKnownFileType = sourcecode.swift; path = signUpScreen.swift; sourceTree = "<group>"; };
		ED86B2EC28F5E4B300EDA2A0 /* PlacesVC.swift */ = {isa = PBXFileReference; lastKnownFileType = sourcecode.swift; path = PlacesVC.swift; sourceTree = "<group>"; };
		EDFF582D28F5C14A002ECCE1 /* Foursquare Clone Parse.app */ = {isa = PBXFileReference; explicitFileType = wrapper.application; includeInIndex = 0; path = "Foursquare Clone Parse.app"; sourceTree = BUILT_PRODUCTS_DIR; };
		EDFF583028F5C14A002ECCE1 /* AppDelegate.swift */ = {isa = PBXFileReference; lastKnownFileType = sourcecode.swift; path = AppDelegate.swift; sourceTree = "<group>"; };
		EDFF583228F5C14A002ECCE1 /* SceneDelegate.swift */ = {isa = PBXFileReference; lastKnownFileType = sourcecode.swift; path = SceneDelegate.swift; sourceTree = "<group>"; };
		EDFF583428F5C14A002ECCE1 /* ViewController.swift */ = {isa = PBXFileReference; lastKnownFileType = sourcecode.swift; path = ViewController.swift; sourceTree = "<group>"; };
		EDFF583728F5C14A002ECCE1 /* Base */ = {isa = PBXFileReference; lastKnownFileType = file.storyboard; name = Base; path = Base.lproj/Main.storyboard; sourceTree = "<group>"; };
		EDFF583928F5C14D002ECCE1 /* Assets.xcassets */ = {isa = PBXFileReference; lastKnownFileType = folder.assetcatalog; path = Assets.xcassets; sourceTree = "<group>"; };
		EDFF583C28F5C14D002ECCE1 /* Base */ = {isa = PBXFileReference; lastKnownFileType = file.storyboard; name = Base; path = Base.lproj/LaunchScreen.storyboard; sourceTree = "<group>"; };
		EDFF583E28F5C14D002ECCE1 /* Info.plist */ = {isa = PBXFileReference; lastKnownFileType = text.plist.xml; path = Info.plist; sourceTree = "<group>"; };
/* End PBXFileReference section */

/* Begin PBXFrameworksBuildPhase section */
		EDFF582A28F5C14A002ECCE1 /* Frameworks */ = {
			isa = PBXFrameworksBuildPhase;
			buildActionMask = 2147483647;
			files = (
				F7B692B3AA4C65CF60C034F5 /* Pods_Foursquare_Clone_Parse.framework in Frameworks */,
			);
			runOnlyForDeploymentPostprocessing = 0;
		};
/* End PBXFrameworksBuildPhase section */

/* Begin PBXGroup section */
		A564FD13AFED491BE12949F2 /* Pods */ = {
			isa = PBXGroup;
			children = (
				CB81859661C024F8534413C8 /* Pods-Foursquare Clone Parse.debug.xcconfig */,
				8E2D90B94CFA32E3E94C131A /* Pods-Foursquare Clone Parse.release.xcconfig */,
			);
			path = Pods;
			sourceTree = "<group>";
		};
		D5F63C013D91BC8307E989FA /* Frameworks */ = {
			isa = PBXGroup;
			children = (
				EC711FF749EA6FCB5D3661E0 /* Pods_Foursquare_Clone_Parse.framework */,
			);
			name = Frameworks;
			sourceTree = "<group>";
		};
		EDFF582428F5C14A002ECCE1 = {
			isa = PBXGroup;
			children = (
				EDFF582F28F5C14A002ECCE1 /* Foursquare Clone Parse */,
				EDFF582E28F5C14A002ECCE1 /* Products */,
				A564FD13AFED491BE12949F2 /* Pods */,
				D5F63C013D91BC8307E989FA /* Frameworks */,
			);
			sourceTree = "<group>";
		};
		EDFF582E28F5C14A002ECCE1 /* Products */ = {
			isa = PBXGroup;
			children = (
				EDFF582D28F5C14A002ECCE1 /* Foursquare Clone Parse.app */,
			);
			name = Products;
			sourceTree = "<group>";
		};
		EDFF582F28F5C14A002ECCE1 /* Foursquare Clone Parse */ = {
			isa = PBXGroup;
			children = (
				EDFF583028F5C14A002ECCE1 /* AppDelegate.swift */,
				EDFF583228F5C14A002ECCE1 /* SceneDelegate.swift */,
				EDFF583428F5C14A002ECCE1 /* ViewController.swift */,
				ED86B2EA28F5D86300EDA2A0 /* signUpScreen.swift */,
				ED86B2EC28F5E4B300EDA2A0 /* PlacesVC.swift */,
				EDFF583628F5C14A002ECCE1 /* Main.storyboard */,
				EDFF583928F5C14D002ECCE1 /* Assets.xcassets */,
				EDFF583B28F5C14D002ECCE1 /* LaunchScreen.storyboard */,
				EDFF583E28F5C14D002ECCE1 /* Info.plist */,
			);
			path = "Foursquare Clone Parse";
			sourceTree = "<group>";
		};
/* End PBXGroup section */

/* Begin PBXNativeTarget section */
		EDFF582C28F5C14A002ECCE1 /* Foursquare Clone Parse */ = {
			isa = PBXNativeTarget;
			buildConfigurationList = EDFF584128F5C14D002ECCE1 /* Build configuration list for PBXNativeTarget "Foursquare Clone Parse" */;
			buildPhases = (
				2F891106A9F1F63676529D02 /* [CP] Check Pods Manifest.lock */,
				EDFF582928F5C14A002ECCE1 /* Sources */,
				EDFF582A28F5C14A002ECCE1 /* Frameworks */,
				EDFF582B28F5C14A002ECCE1 /* Resources */,
				501CBD8A12AECE149524A065 /* [CP] Embed Pods Frameworks */,
			);
			buildRules = (
			);
			dependencies = (
			);
			name = "Foursquare Clone Parse";
			productName = "Foursquare Clone Parse";
			productReference = EDFF582D28F5C14A002ECCE1 /* Foursquare Clone Parse.app */;
			productType = "com.apple.product-type.application";
		};
/* End PBXNativeTarget section */

/* Begin PBXProject section */
		EDFF582528F5C14A002ECCE1 /* Project object */ = {
			isa = PBXProject;
			attributes = {
				BuildIndependentTargetsInParallel = 1;
				LastSwiftUpdateCheck = 1340;
				LastUpgradeCheck = 1340;
				TargetAttributes = {
					EDFF582C28F5C14A002ECCE1 = {
						CreatedOnToolsVersion = 13.4.1;
					};
				};
			};
			buildConfigurationList = EDFF582828F5C14A002ECCE1 /* Build configuration list for PBXProject "Foursquare Clone Parse" */;
			compatibilityVersion = "Xcode 13.0";
			developmentRegion = en;
			hasScannedForEncodings = 0;
			knownRegions = (
				en,
				Base,
			);
			mainGroup = EDFF582428F5C14A002ECCE1;
			productRefGroup = EDFF582E28F5C14A002ECCE1 /* Products */;
			projectDirPath = "";
			projectRoot = "";
			targets = (
				EDFF582C28F5C14A002ECCE1 /* Foursquare Clone Parse */,
			);
		};
/* End PBXProject section */

/* Begin PBXResourcesBuildPhase section */
		EDFF582B28F5C14A002ECCE1 /* Resources */ = {
			isa = PBXResourcesBuildPhase;
			buildActionMask = 2147483647;
			files = (
				EDFF583D28F5C14D002ECCE1 /* LaunchScreen.storyboard in Resources */,
				EDFF583A28F5C14D002ECCE1 /* Assets.xcassets in Resources */,
				EDFF583828F5C14A002ECCE1 /* Main.storyboard in Resources */,
			);
			runOnlyForDeploymentPostprocessing = 0;
		};
/* End PBXResourcesBuildPhase section */

/* Begin PBXShellScriptBuildPhase section */
		2F891106A9F1F63676529D02 /* [CP] Check Pods Manifest.lock */ = {
			isa = PBXShellScriptBuildPhase;
			buildActionMask = 2147483647;
			files = (
			);
			inputFileListPaths = (
			);
			inputPaths = (
				"${PODS_PODFILE_DIR_PATH}/Podfile.lock",
				"${PODS_ROOT}/Manifest.lock",
			);
			name = "[CP] Check Pods Manifest.lock";
			outputFileListPaths = (
			);
			outputPaths = (
				"$(DERIVED_FILE_DIR)/Pods-Foursquare Clone Parse-checkManifestLockResult.txt",
			);
			runOnlyForDeploymentPostprocessing = 0;
			shellPath = /bin/sh;
			shellScript = "diff \"${PODS_PODFILE_DIR_PATH}/Podfile.lock\" \"${PODS_ROOT}/Manifest.lock\" > /dev/null\nif [ $? != 0 ] ; then\n    # print error to STDERR\n    echo \"error: The sandbox is not in sync with the Podfile.lock. Run 'pod install' or update your CocoaPods installation.\" >&2\n    exit 1\nfi\n# This output is used by Xcode 'outputs' to avoid re-running this script phase.\necho \"SUCCESS\" > \"${SCRIPT_OUTPUT_FILE_0}\"\n";
			showEnvVarsInLog = 0;
		};
		501CBD8A12AECE149524A065 /* [CP] Embed Pods Frameworks */ = {
			isa = PBXShellScriptBuildPhase;
			buildActionMask = 2147483647;
			files = (
			);
			inputFileListPaths = (
				"${PODS_ROOT}/Target Support Files/Pods-Foursquare Clone Parse/Pods-Foursquare Clone Parse-frameworks-${CONFIGURATION}-input-files.xcfilelist",
			);
			name = "[CP] Embed Pods Frameworks";
			outputFileListPaths = (
				"${PODS_ROOT}/Target Support Files/Pods-Foursquare Clone Parse/Pods-Foursquare Clone Parse-frameworks-${CONFIGURATION}-output-files.xcfilelist",
			);
			runOnlyForDeploymentPostprocessing = 0;
			shellPath = /bin/sh;
			shellScript = "\"${PODS_ROOT}/Target Support Files/Pods-Foursquare Clone Parse/Pods-Foursquare Clone Parse-frameworks.sh\"\n";
			showEnvVarsInLog = 0;
		};
/* End PBXShellScriptBuildPhase section */

/* Begin PBXSourcesBuildPhase section */
		EDFF582928F5C14A002ECCE1 /* Sources */ = {
			isa = PBXSourcesBuildPhase;
			buildActionMask = 2147483647;
			files = (
				EDFF583528F5C14A002ECCE1 /* ViewController.swift in Sources */,
				EDFF583128F5C14A002ECCE1 /* AppDelegate.swift in Sources */,
				EDFF583328F5C14A002ECCE1 /* SceneDelegate.swift in Sources */,
				ED86B2EB28F5D86300EDA2A0 /* signUpScreen.swift in Sources */,
				ED86B2ED28F5E4B300EDA2A0 /* PlacesVC.swift in Sources */,
			);
			runOnlyForDeploymentPostprocessing = 0;
		};
/* End PBXSourcesBuildPhase section */

/* Begin PBXVariantGroup section */
		EDFF583628F5C14A002ECCE1 /* Main.storyboard */ = {
			isa = PBXVariantGroup;
			children = (
				EDFF583728F5C14A002ECCE1 /* Base */,
			);
			name = Main.storyboard;
			sourceTree = "<group>";
		};
		EDFF583B28F5C14D002ECCE1 /* LaunchScreen.storyboard */ = {
			isa = PBXVariantGroup;
			children = (
				EDFF583C28F5C14D002ECCE1 /* Base */,
			);
			name = LaunchScreen.storyboard;
			sourceTree = "<group>";
		};
/* End PBXVariantGroup section */

/* Begin XCBuildConfiguration section */
		EDFF583F28F5C14D002ECCE1 /* Debug */ = {
			isa = XCBuildConfiguration;
			buildSettings = {
				ALWAYS_SEARCH_USER_PATHS = NO;
				CLANG_ANALYZER_NONNULL = YES;
				CLANG_ANALYZER_NUMBER_OBJECT_CONVERSION = YES_AGGRESSIVE;
				CLANG_CXX_LANGUAGE_STANDARD = "gnu++17";
				CLANG_ENABLE_MODULES = YES;
				CLANG_ENABLE_OBJC_ARC = YES;
				CLANG_ENABLE_OBJC_WEAK = YES;
				CLANG_WARN_BLOCK_CAPTURE_AUTORELEASING = YES;
				CLANG_WARN_BOOL_CONVERSION = YES;
				CLANG_WARN_COMMA = YES;
				CLANG_WARN_CONSTANT_CONVERSION = YES;
				CLANG_WARN_DEPRECATED_OBJC_IMPLEMENTATIONS = YES;
				CLANG_WARN_DIRECT_OBJC_ISA_USAGE = YES_ERROR;
				CLANG_WARN_DOCUMENTATION_COMMENTS = YES;
				CLANG_WARN_EMPTY_BODY = YES;
				CLANG_WARN_ENUM_CONVERSION = YES;
				CLANG_WARN_INFINITE_RECURSION = YES;
				CLANG_WARN_INT_CONVERSION = YES;
				CLANG_WARN_NON_LITERAL_NULL_CONVERSION = YES;
				CLANG_WARN_OBJC_IMPLICIT_RETAIN_SELF = YES;
				CLANG_WARN_OBJC_LITERAL_CONVERSION = YES;
				CLANG_WARN_OBJC_ROOT_CLASS = YES_ERROR;
				CLANG_WARN_QUOTED_INCLUDE_IN_FRAMEWORK_HEADER = YES;
				CLANG_WARN_RANGE_LOOP_ANALYSIS = YES;
				CLANG_WARN_STRICT_PROTOTYPES = YES;
				CLANG_WARN_SUSPICIOUS_MOVE = YES;
				CLANG_WARN_UNGUARDED_AVAILABILITY = YES_AGGRESSIVE;
				CLANG_WARN_UNREACHABLE_CODE = YES;
				CLANG_WARN__DUPLICATE_METHOD_MATCH = YES;
				COPY_PHASE_STRIP = NO;
				DEBUG_INFORMATION_FORMAT = dwarf;
				ENABLE_STRICT_OBJC_MSGSEND = YES;
				ENABLE_TESTABILITY = YES;
				GCC_C_LANGUAGE_STANDARD = gnu11;
				GCC_DYNAMIC_NO_PIC = NO;
				GCC_NO_COMMON_BLOCKS = YES;
				GCC_OPTIMIZATION_LEVEL = 0;
				GCC_PREPROCESSOR_DEFINITIONS = (
					"DEBUG=1",
					"$(inherited)",
				);
				GCC_WARN_64_TO_32_BIT_CONVERSION = YES;
				GCC_WARN_ABOUT_RETURN_TYPE = YES_ERROR;
				GCC_WARN_UNDECLARED_SELECTOR = YES;
				GCC_WARN_UNINITIALIZED_AUTOS = YES_AGGRESSIVE;
				GCC_WARN_UNUSED_FUNCTION = YES;
				GCC_WARN_UNUSED_VARIABLE = YES;
				IPHONEOS_DEPLOYMENT_TARGET = 15.5;
				MTL_ENABLE_DEBUG_INFO = INCLUDE_SOURCE;
				MTL_FAST_MATH = YES;
				ONLY_ACTIVE_ARCH = YES;
				SDKROOT = iphoneos;
				SWIFT_ACTIVE_COMPILATION_CONDITIONS = DEBUG;
				SWIFT_OPTIMIZATION_LEVEL = "-Onone";
			};
			name = Debug;
		};
		EDFF584028F5C14D002ECCE1 /* Release */ = {
			isa = XCBuildConfiguration;
			buildSettings = {
				ALWAYS_SEARCH_USER_PATHS = NO;
				CLANG_ANALYZER_NONNULL = YES;
				CLANG_ANALYZER_NUMBER_OBJECT_CONVERSION = YES_AGGRESSIVE;
				CLANG_CXX_LANGUAGE_STANDARD = "gnu++17";
				CLANG_ENABLE_MODULES = YES;
				CLANG_ENABLE_OBJC_ARC = YES;
				CLANG_ENABLE_OBJC_WEAK = YES;
				CLANG_WARN_BLOCK_CAPTURE_AUTORELEASING = YES;
				CLANG_WARN_BOOL_CONVERSION = YES;
				CLANG_WARN_COMMA = YES;
				CLANG_WARN_CONSTANT_CONVERSION = YES;
				CLANG_WARN_DEPRECATED_OBJC_IMPLEMENTATIONS = YES;
				CLANG_WARN_DIRECT_OBJC_ISA_USAGE = YES_ERROR;
				CLANG_WARN_DOCUMENTATION_COMMENTS = YES;
				CLANG_WARN_EMPTY_BODY = YES;
				CLANG_WARN_ENUM_CONVERSION = YES;
				CLANG_WARN_INFINITE_RECURSION = YES;
				CLANG_WARN_INT_CONVERSION = YES;
				CLANG_WARN_NON_LITERAL_NULL_CONVERSION = YES;
				CLANG_WARN_OBJC_IMPLICIT_RETAIN_SELF = YES;
				CLANG_WARN_OBJC_LITERAL_CONVERSION = YES;
				CLANG_WARN_OBJC_ROOT_CLASS = YES_ERROR;
				CLANG_WARN_QUOTED_INCLUDE_IN_FRAMEWORK_HEADER = YES;
				CLANG_WARN_RANGE_LOOP_ANALYSIS = YES;
				CLANG_WARN_STRICT_PROTOTYPES = YES;
				CLANG_WARN_SUSPICIOUS_MOVE = YES;
				CLANG_WARN_UNGUARDED_AVAILABILITY = YES_AGGRESSIVE;
				CLANG_WARN_UNREACHABLE_CODE = YES;
				CLANG_WARN__DUPLICATE_METHOD_MATCH = YES;
				COPY_PHASE_STRIP = NO;
				DEBUG_INFORMATION_FORMAT = "dwarf-with-dsym";
				ENABLE_NS_ASSERTIONS = NO;
				ENABLE_STRICT_OBJC_MSGSEND = YES;
				GCC_C_LANGUAGE_STANDARD = gnu11;
				GCC_NO_COMMON_BLOCKS = YES;
				GCC_WARN_64_TO_32_BIT_CONVERSION = YES;
				GCC_WARN_ABOUT_RETURN_TYPE = YES_ERROR;
				GCC_WARN_UNDECLARED_SELECTOR = YES;
				GCC_WARN_UNINITIALIZED_AUTOS = YES_AGGRESSIVE;
				GCC_WARN_UNUSED_FUNCTION = YES;
				GCC_WARN_UNUSED_VARIABLE = YES;
				IPHONEOS_DEPLOYMENT_TARGET = 15.5;
				MTL_ENABLE_DEBUG_INFO = NO;
				MTL_FAST_MATH = YES;
				SDKROOT = iphoneos;
				SWIFT_COMPILATION_MODE = wholemodule;
				SWIFT_OPTIMIZATION_LEVEL = "-O";
				VALIDATE_PRODUCT = YES;
			};
			name = Release;
		};
		EDFF584228F5C14D002ECCE1 /* Debug */ = {
			isa = XCBuildConfiguration;
			baseConfigurationReference = CB81859661C024F8534413C8 /* Pods-Foursquare Clone Parse.debug.xcconfig */;
			buildSettings = {
				ASSETCATALOG_COMPILER_APPICON_NAME = AppIcon;
				ASSETCATALOG_COMPILER_GLOBAL_ACCENT_COLOR_NAME = AccentColor;
				CODE_SIGN_STYLE = Automatic;
				CURRENT_PROJECT_VERSION = 1;
				GENERATE_INFOPLIST_FILE = YES;
				INFOPLIST_FILE = "Foursquare Clone Parse/Info.plist";
				INFOPLIST_KEY_UIApplicationSupportsIndirectInputEvents = YES;
				INFOPLIST_KEY_UILaunchStoryboardName = LaunchScreen;
				INFOPLIST_KEY_UIMainStoryboardFile = Main;
				INFOPLIST_KEY_UISupportedInterfaceOrientations_iPad = "UIInterfaceOrientationPortrait UIInterfaceOrientationPortraitUpsideDown UIInterfaceOrientationLandscapeLeft UIInterfaceOrientationLandscapeRight";
				INFOPLIST_KEY_UISupportedInterfaceOrientations_iPhone = "UIInterfaceOrientationPortrait UIInterfaceOrientationLandscapeLeft UIInterfaceOrientationLandscapeRight";
				LD_RUNPATH_SEARCH_PATHS = (
					"$(inherited)",
					"@executable_path/Frameworks",
				);
				MARKETING_VERSION = 1.0;
				PRODUCT_BUNDLE_IDENTIFIER = "com.msnbek.Foursquare-Clone-Parse";
				PRODUCT_NAME = "$(TARGET_NAME)";
				SWIFT_EMIT_LOC_STRINGS = YES;
				SWIFT_VERSION = 5.0;
				TARGETED_DEVICE_FAMILY = "1,2";
			};
			name = Debug;
		};
		EDFF584328F5C14D002ECCE1 /* Release */ = {
			isa = XCBuildConfiguration;
			baseConfigurationReference = 8E2D90B94CFA32E3E94C131A /* Pods-Foursquare Clone Parse.release.xcconfig */;
			buildSettings = {
				ASSETCATALOG_COMPILER_APPICON_NAME = AppIcon;
				ASSETCATALOG_COMPILER_GLOBAL_ACCENT_COLOR_NAME = AccentColor;
				CODE_SIGN_STYLE = Automatic;
				CURRENT_PROJECT_VERSION = 1;
				GENERATE_INFOPLIST_FILE = YES;
				INFOPLIST_FILE = "Foursquare Clone Parse/Info.plist";
				INFOPLIST_KEY_UIApplicationSupportsIndirectInputEvents = YES;
				INFOPLIST_KEY_UILaunchStoryboardName = LaunchScreen;
				INFOPLIST_KEY_UIMainStoryboardFile = Main;
				INFOPLIST_KEY_UISupportedInterfaceOrientations_iPad = "UIInterfaceOrientationPortrait UIInterfaceOrientationPortraitUpsideDown UIInterfaceOrientationLandscapeLeft UIInterfaceOrientationLandscapeRight";
				INFOPLIST_KEY_UISupportedInterfaceOrientations_iPhone = "UIInterfaceOrientationPortrait UIInterfaceOrientationLandscapeLeft UIInterfaceOrientationLandscapeRight";
				LD_RUNPATH_SEARCH_PATHS = (
					"$(inherited)",
					"@executable_path/Frameworks",
				);
				MARKETING_VERSION = 1.0;
				PRODUCT_BUNDLE_IDENTIFIER = "com.msnbek.Foursquare-Clone-Parse";
				PRODUCT_NAME = "$(TARGET_NAME)";
				SWIFT_EMIT_LOC_STRINGS = YES;
				SWIFT_VERSION = 5.0;
				TARGETED_DEVICE_FAMILY = "1,2";
			};
			name = Release;
		};
/* End XCBuildConfiguration section */

/* Begin XCConfigurationList section */
		EDFF582828F5C14A002ECCE1 /* Build configuration list for PBXProject "Foursquare Clone Parse" */ = {
			isa = XCConfigurationList;
			buildConfigurations = (
				EDFF583F28F5C14D002ECCE1 /* Debug */,
				EDFF584028F5C14D002ECCE1 /* Release */,
			);
			defaultConfigurationIsVisible = 0;
			defaultConfigurationName = Release;
		};
		EDFF584128F5C14D002ECCE1 /* Build configuration list for PBXNativeTarget "Foursquare Clone Parse" */ = {
			isa = XCConfigurationList;
			buildConfigurations = (
				EDFF584228F5C14D002ECCE1 /* Debug */,
				EDFF584328F5C14D002ECCE1 /* Release */,
			);
			defaultConfigurationIsVisible = 0;
			defaultConfigurationName = Release;
		};
/* End XCConfigurationList section */
	};
	rootObject = EDFF582528F5C14A002ECCE1 /* Project object */;
}
